
Microsoft Visual Studio Solution File, Format Version 12.00
# Visual Studio Version 16
VisualStudioVersion = 16.0.31129.286
MinimumVisualStudioVersion = 10.0.40219.1
Project("{FAE04EC0-301F-11D3-BF4B-00C04F79EFBC}") = "PlayerWebApplication", "PlayerWebApplication\PlayerWebApplication.csproj", "{5DD0EE74-28A2-4641-B4D6-F56029117DAE}"
EndProject
Global
	GlobalSection(SolutionConfigurationPlatforms) = preSolution
		Debug|Any CPU = Debug|Any CPU
		Release|Any CPU = Release|Any CPU
	EndGlobalSection
	GlobalSection(ProjectConfigurationPlatforms) = postSolution
		{5DD0EE74-28A2-4641-B4D6-F56029117DAE}.Debug|Any CPU.ActiveCfg = Debug|Any CPU
		{5DD0EE74-28A2-4641-B4D6-F56029117DAE}.Debug|Any CPU.Build.0 = Debug|Any CPU
		{5DD0EE74-28A2-4641-B4D6-F56029117DAE}.Release|Any CPU.ActiveCfg = Release|Any CPU
		{5DD0EE74-28A2-4641-B4D6-F56029117DAE}.Release|Any CPU.Build.0 = Release|Any CPU
	EndGlobalSection
	GlobalSection(SolutionProperties) = preSolution
		HideSolutionNode = FALSE
	EndGlobalSection
	GlobalSection(ExtensibilityGlobals) = postSolution
		SolutionGuid = {3EBDC2CC-4446-4141-B039-75025B4417BF}
	EndGlobalSection
EndGlobal
